
Microsoft Visual Studio Solution File, Format Version 12.00
# Visual Studio Version 16
VisualStudioVersion = 16.0.30907.101
MinimumVisualStudioVersion = 10.0.40219.1
Project("{9A19103F-16F7-4668-BE54-9A1E7A4F7556}") = "Business", "Business\Business.csproj", "{21F517A7-52F1-4696-B18F-877568FAE045}"
EndProject
Project("{9A19103F-16F7-4668-BE54-9A1E7A4F7556}") = "DataAccess", "DataAccess\DataAccess.csproj", "{20DD52C1-6D6C-4BE7-BD6A-FB53FD89327A}"
EndProject
Project("{9A19103F-16F7-4668-BE54-9A1E7A4F7556}") = "Entities", "Entities\Entities.csproj", "{B0993DE1-2832-491B-B429-2B4E07390B87}"
EndProject
Project("{9A19103F-16F7-4668-BE54-9A1E7A4F7556}") = "ConsoleUI", "ConsoleUI\ConsoleUI.csproj", "{2DA49FD3-A9BF-415C-83FF-94D2D7C58739}"
EndProject
Project("{FAE04EC0-301F-11D3-BF4B-00C04F79EFBC}") = "Core", "Core\Core.csproj", "{99A9FC51-F683-4EAB-AA33-4901DE54F4F2}"
EndProject
Global
	GlobalSection(SolutionConfigurationPlatforms) = preSolution
		Debug|Any CPU = Debug|Any CPU
		Release|Any CPU = Release|Any CPU
	EndGlobalSection
	GlobalSection(ProjectConfigurationPlatforms) = postSolution
		{21F517A7-52F1-4696-B18F-877568FAE045}.Debug|Any CPU.ActiveCfg = Debug|Any CPU
		{21F517A7-52F1-4696-B18F-877568FAE045}.Debug|Any CPU.Build.0 = Debug|Any CPU
		{21F517A7-52F1-4696-B18F-877568FAE045}.Release|Any CPU.ActiveCfg = Release|Any CPU
		{21F517A7-52F1-4696-B18F-877568FAE045}.Release|Any CPU.Build.0 = Release|Any CPU
		{20DD52C1-6D6C-4BE7-BD6A-FB53FD89327A}.Debug|Any CPU.ActiveCfg = Debug|Any CPU
		{20DD52C1-6D6C-4BE7-BD6A-FB53FD89327A}.Debug|Any CPU.Build.0 = Debug|Any CPU
		{20DD52C1-6D6C-4BE7-BD6A-FB53FD89327A}.Release|Any CPU.ActiveCfg = Release|Any CPU
		{20DD52C1-6D6C-4BE7-BD6A-FB53FD89327A}.Release|Any CPU.Build.0 = Release|Any CPU
		{B0993DE1-2832-491B-B429-2B4E07390B87}.Debug|Any CPU.ActiveCfg = Debug|Any CPU
		{B0993DE1-2832-491B-B429-2B4E07390B87}.Debug|Any CPU.Build.0 = Debug|Any CPU
		{B0993DE1-2832-491B-B429-2B4E07390B87}.Release|Any CPU.ActiveCfg = Release|Any CPU
		{B0993DE1-2832-491B-B429-2B4E07390B87}.Release|Any CPU.Build.0 = Release|Any CPU
		{2DA49FD3-A9BF-415C-83FF-94D2D7C58739}.Debug|Any CPU.ActiveCfg = Debug|Any CPU
		{2DA49FD3-A9BF-415C-83FF-94D2D7C58739}.Debug|Any CPU.Build.0 = Debug|Any CPU
		{2DA49FD3-A9BF-415C-83FF-94D2D7C58739}.Release|Any CPU.ActiveCfg = Release|Any CPU
		{2DA49FD3-A9BF-415C-83FF-94D2D7C58739}.Release|Any CPU.Build.0 = Release|Any CPU
		{99A9FC51-F683-4EAB-AA33-4901DE54F4F2}.Debug|Any CPU.ActiveCfg = Debug|Any CPU
		{99A9FC51-F683-4EAB-AA33-4901DE54F4F2}.Debug|Any CPU.Build.0 = Debug|Any CPU
		{99A9FC51-F683-4EAB-AA33-4901DE54F4F2}.Release|Any CPU.ActiveCfg = Release|Any CPU
		{99A9FC51-F683-4EAB-AA33-4901DE54F4F2}.Release|Any CPU.Build.0 = Release|Any CPU
	EndGlobalSection
	GlobalSection(SolutionProperties) = preSolution
		HideSolutionNode = FALSE
	EndGlobalSection
	GlobalSection(ExtensibilityGlobals) = postSolution
		SolutionGuid = {D360D9A2-A05D-4D46-BEAF-FA324519D984}
	EndGlobalSection
EndGlobal
